Microsoft Visual Studio Solution File, Format Version 12.00
# Visual Studio Version 17
VisualStudioVersion = 17.5.2.0
MinimumVisualStudioVersion = 10.0.40219.1
Project("{FAE04EC0-301F-11D3-BF4B-00C04F79EFBC}") = "ChessConsole", "src\ChessConsole.csproj", "{77DEF81C-A2CF-0599-835D-9D921478CAAC}"
EndProject
Global
	GlobalSection(SolutionConfigurationPlatforms) = preSolution
		Debug|Any CPU = Debug|Any CPU
		Release|Any CPU = Release|Any CPU
	EndGlobalSection
	GlobalSection(ProjectConfigurationPlatforms) = postSolution
		{77DEF81C-A2CF-0599-835D-9D921478CAAC}.Debug|Any CPU.ActiveCfg = Debug|Any CPU
		{77DEF81C-A2CF-0599-835D-9D921478CAAC}.Debug|Any CPU.Build.0 = Debug|Any CPU
		{77DEF81C-A2CF-0599-835D-9D921478CAAC}.Release|Any CPU.ActiveCfg = Release|Any CPU
		{77DEF81C-A2CF-0599-835D-9D921478CAAC}.Release|Any CPU.Build.0 = Release|Any CPU
	EndGlobalSection
	GlobalSection(SolutionProperties) = preSolution
		HideSolutionNode = FALSE
	EndGlobalSection
	GlobalSection(ExtensibilityGlobals) = postSolution
		SolutionGuid = {C3A0ED27-C1C2-43A7-9025-CC0A2341A7DF}
	EndGlobalSection
EndGlobal
